
Microsoft Visual Studio Solution File, Format Version 12.00
# Visual Studio Version 16
VisualStudioVersion = 16.0.29123.88
MinimumVisualStudioVersion = 10.0.40219.1
Project("{888888A0-9F3D-457C-B088-3A5042F75D52}") = "turtle", "turtle.pyproj", "{6359F003-7305-4B67-83F1-BE1A147A6FC7}"
EndProject
Global
	GlobalSection(SolutionConfigurationPlatforms) = preSolution
		Debug|Any CPU = Debug|Any CPU
		Release|Any CPU = Release|Any CPU
	EndGlobalSection
	GlobalSection(ProjectConfigurationPlatforms) = postSolution
		{6359F003-7305-4B67-83F1-BE1A147A6FC7}.Debug|Any CPU.ActiveCfg = Debug|Any CPU
		{6359F003-7305-4B67-83F1-BE1A147A6FC7}.Release|Any CPU.ActiveCfg = Release|Any CPU
	EndGlobalSection
	GlobalSection(SolutionProperties) = preSolution
		HideSolutionNode = FALSE
	EndGlobalSection
	GlobalSection(ExtensibilityGlobals) = postSolution
		SolutionGuid = {4DCAA1CC-B741-4F00-84BF-E9A6EACBA3F7}
	EndGlobalSection
EndGlobal
