
Microsoft Visual Studio Solution File, Format Version 12.00
# Visual Studio Version 16
VisualStudioVersion = 16.0.29123.88
MinimumVisualStudioVersion = 10.0.40219.1
Project("{8BC9CEB8-8B4A-11D0-8D11-00A0C91BC942}") = "2048", "2048.vcxproj", "{F206F733-5D0D-4306-A819-93C6D7B25CDA}"
EndProject
Global
	GlobalSection(SolutionConfigurationPlatforms) = preSolution
		Debug|x64 = Debug|x64
		Debug|x86 = Debug|x86
		Release|x64 = Release|x64
		Release|x86 = Release|x86
	EndGlobalSection
	GlobalSection(ProjectConfigurationPlatforms) = postSolution
		{F206F733-5D0D-4306-A819-93C6D7B25CDA}.Debug|x64.ActiveCfg = Debug|x64
		{F206F733-5D0D-4306-A819-93C6D7B25CDA}.Debug|x64.Build.0 = Debug|x64
		{F206F733-5D0D-4306-A819-93C6D7B25CDA}.Debug|x86.ActiveCfg = Debug|Win32
		{F206F733-5D0D-4306-A819-93C6D7B25CDA}.Debug|x86.Build.0 = Debug|Win32
		{F206F733-5D0D-4306-A819-93C6D7B25CDA}.Release|x64.ActiveCfg = Release|x64
		{F206F733-5D0D-4306-A819-93C6D7B25CDA}.Release|x64.Build.0 = Release|x64
		{F206F733-5D0D-4306-A819-93C6D7B25CDA}.Release|x86.ActiveCfg = Release|Win32
		{F206F733-5D0D-4306-A819-93C6D7B25CDA}.Release|x86.Build.0 = Release|Win32
	EndGlobalSection
	GlobalSection(SolutionProperties) = preSolution
		HideSolutionNode = FALSE
	EndGlobalSection
	GlobalSection(ExtensibilityGlobals) = postSolution
		SolutionGuid = {C9FBB2A8-427A-4E70-9871-B5B9D9C1356D}
	EndGlobalSection
EndGlobal
